
Microsoft Visual Studio Solution File, Format Version 12.00
# Visual Studio 15
VisualStudioVersion = 15.0.28010.2050
MinimumVisualStudioVersion = 10.0.40219.1
Project("{FAE04EC0-301F-11D3-BF4B-00C04F79EFBC}") = "Calculations", "WindowsFormsApp1\Calculations.csproj", "{CC4C898A-085E-40ED-8047-6B066BE22650}"
EndProject
Global
	GlobalSection(SolutionConfigurationPlatforms) = preSolution
		Debug|Any CPU = Debug|Any CPU
		Release|Any CPU = Release|Any CPU
	EndGlobalSection
	GlobalSection(ProjectConfigurationPlatforms) = postSolution
		{CC4C898A-085E-40ED-8047-6B066BE22650}.Debug|Any CPU.ActiveCfg = Debug|Any CPU
		{CC4C898A-085E-40ED-8047-6B066BE22650}.Debug|Any CPU.Build.0 = Debug|Any CPU
		{CC4C898A-085E-40ED-8047-6B066BE22650}.Release|Any CPU.ActiveCfg = Release|Any CPU
		{CC4C898A-085E-40ED-8047-6B066BE22650}.Release|Any CPU.Build.0 = Release|Any CPU
	EndGlobalSection
	GlobalSection(SolutionProperties) = preSolution
		HideSolutionNode = FALSE
	EndGlobalSection
	GlobalSection(ExtensibilityGlobals) = postSolution
		SolutionGuid = {814DAF2C-3041-4A6A-A7F2-9C748A95D2BB}
	EndGlobalSection
EndGlobal
